
Microsoft Visual Studio Solution File, Format Version 12.00
# Visual Studio Version 16
VisualStudioVersion = 16.0.32106.194
MinimumVisualStudioVersion = 10.0.40219.1
Project("{9A19103F-16F7-4668-BE54-9A1E7A4F7556}") = "ERS.Services", "ERS.Services\ERS.Services.csproj", "{D645D6E4-6F1C-4CDA-944F-E785809543E6}"
EndProject
Global
	GlobalSection(SolutionConfigurationPlatforms) = preSolution
		Debug|Any CPU = Debug|Any CPU
		Release|Any CPU = Release|Any CPU
	EndGlobalSection
	GlobalSection(ProjectConfigurationPlatforms) = postSolution
		{D645D6E4-6F1C-4CDA-944F-E785809543E6}.Debug|Any CPU.ActiveCfg = Debug|Any CPU
		{D645D6E4-6F1C-4CDA-944F-E785809543E6}.Debug|Any CPU.Build.0 = Debug|Any CPU
		{D645D6E4-6F1C-4CDA-944F-E785809543E6}.Release|Any CPU.ActiveCfg = Release|Any CPU
		{D645D6E4-6F1C-4CDA-944F-E785809543E6}.Release|Any CPU.Build.0 = Release|Any CPU
	EndGlobalSection
	GlobalSection(SolutionProperties) = preSolution
		HideSolutionNode = FALSE
	EndGlobalSection
	GlobalSection(ExtensibilityGlobals) = postSolution
		SolutionGuid = {1615A66D-CBA7-4DB2-B1D3-DBED6BC5BAB4}
	EndGlobalSection
EndGlobal
